# THIS IS AN AUTOGENERATED FILE. DO NOT EDIT THIS FILE DIRECTLY.
# yarn lockfile v1


"@cfn-modules/vpc-flow-log@^1.1.0":
  version "1.1.0"
  resolved "https://registry.yarnpkg.com/@cfn-modules/vpc-flow-log/-/vpc-flow-log-1.1.0.tgz#ceb4fb826a0986c9a3910f5eae8867c005bfb919"
  integrity sha512-5VV5TWJ5H8l95Zpbzp/gQb6pr1nGJ5epDcWFBeXCrHrUwhdpCHVjjsFTj+aGl2aa2VyXQ5IjyhiuCD3sh+8lhQ==

"@cfn-modules/vpc-nat-gateway@^1.0.0":
  version "1.0.0"
  resolved "https://registry.yarnpkg.com/@cfn-modules/vpc-nat-gateway/-/vpc-nat-gateway-1.0.0.tgz#f3bd997a07b5005b7ca6d322cf65dff80d668502"
  integrity sha512-/prunTJiNV7SulG+kEkeiZBCE8Aw3dnqwR7JtjwjIYrsnQ2oyTmi4GcddeV5HTmlTFvM5VDIT2MAye2S+MjFrw==

"@cfn-modules/vpc-plain@^1.0.0":
  version "1.0.0"
  resolved "https://registry.yarnpkg.com/@cfn-modules/vpc-plain/-/vpc-plain-1.0.0.tgz#91691fc482ea6ed6b06326dc9b240ef5b35e9e6b"
  integrity sha512-P4ml900igbqjxL60IdPaa3UiXK9kNRLQ88YjxajMKchabjsoT39L9QJ6ZwUdVfHeahLtWms0i/z1nqf+1AkxHg==

"@cfn-modules/vpc-subnet@^1.0.0":
  version "1.0.0"
  resolved "https://registry.yarnpkg.com/@cfn-modules/vpc-subnet/-/vpc-subnet-1.0.0.tgz#4f496852777a8d9cf65c6e2f3a5af16245c5ef2f"
  integrity sha512-kLYbMn9UWBO/jd9XWc6F7KYJQIiVf05K9H6xRcutUk0B9aFROf3+opvk6CrE6OS/BLyqC+kd6MWqhGlokoCNpQ==
